{
  "requires": true,
  "lockfileVersion": 1,
  "dependencies": {
    "botdispatch": {
      "version": "1.6.3",
      "resolved": "https://registry.npmjs.org/botdispatch/-/botdispatch-1.6.3.tgz",
      "integrity": "sha512-miuJHOgWwQEUSWrJVZtMnofasrBMsqLYrQiPjCSRkRgutv2/LvsUYKENIYbyFr3KFc4c/hAAuYtA+CBBuqJ6BA==",
      "requires": {
        "dotnet-2.1": "^2.1.0"
      }
    },
    "dispatch": {
      "version": "1.0.2",
      "resolved": "https://registry.npmjs.org/dispatch/-/dispatch-1.0.2.tgz",
      "integrity": "sha512-008aTiwlAjue6/g8oS7jpe3YR9DVibAly6JJ3SGsKzK4wsY0qrCkDNMEf+rqTteOQvF/51+P+79EX+RsBDxPZA=="
    },
    "dotnet-2.1": {
      "version": "2.1.1005",
      "resolved": "https://registry.npmjs.org/dotnet-2.1/-/dotnet-2.1-2.1.1005.tgz",
      "integrity": "sha512-dwS5/msZNOBSfoIEmgvt3uxlx1MMiwMUxkiuyiuaMulM6gWmPlea5FyfWt4gdYjl1a5twKmeo748n8s9l13qtQ=="
    }
  }
}
